// !$*UTF8*$!
{
	archiveVersion = 1;
	classes = {
	};
	objectVersion = 56;
	objects = {

/* Begin PBXBuildFile section */
		030DF27129689C4E00981245 /* SwiftUIHelpers.swift in Sources */ = {isa = PBXBuildFile; fileRef = 030DF27029689C4E00981245 /* SwiftUIHelpers.swift */; };
		030DF27329689D3400981245 /* EqualWidthStacks.swift in Sources */ = {isa = PBXBuildFile; fileRef = 030DF27229689D3400981245 /* EqualWidthStacks.swift */; };
		030DF2752968AB0300981245 /* AddContact.swift in Sources */ = {isa = PBXBuildFile; fileRef = 030DF2742968AB0300981245 /* AddContact.swift */; };
		030DF2772968B5C600981245 /* EditContact.swift in Sources */ = {isa = PBXBuildFile; fileRef = 030DF2762968B5C600981245 /* EditContact.swift */; };
		0366D129296886BC00C79813 /* MyContactsApp.swift in Sources */ = {isa = PBXBuildFile; fileRef = 0366D128296886BC00C79813 /* MyContactsApp.swift */; };
		0366D12B296886BC00C79813 /* ContentView.swift in Sources */ = {isa = PBXBuildFile; fileRef = 0366D12A296886BC00C79813 /* ContentView.swift */; };
		0366D12D296886BC00C79813 /* Assets.xcassets in Resources */ = {isa = PBXBuildFile; fileRef = 0366D12C296886BC00C79813 /* Assets.xcassets */; };
		0366D130296886BC00C79813 /* Preview Assets.xcassets in Resources */ = {isa = PBXBuildFile; fileRef = 0366D12F296886BC00C79813 /* Preview Assets.xcassets */; };
		0366D13A296886BC00C79813 /* MyContactsTests.swift in Sources */ = {isa = PBXBuildFile; fileRef = 0366D139296886BC00C79813 /* MyContactsTests.swift */; };
		0366D1542968873D00C79813 /* Tagged in Frameworks */ = {isa = PBXBuildFile; productRef = 0366D1532968873D00C79813 /* Tagged */; };
		0366D1572968874F00C79813 /* IdentifiedCollections in Frameworks */ = {isa = PBXBuildFile; productRef = 0366D1562968874F00C79813 /* IdentifiedCollections */; };
		0366D15A2968876300C79813 /* SwiftUINavigation in Frameworks */ = {isa = PBXBuildFile; productRef = 0366D1592968876300C79813 /* SwiftUINavigation */; };
		0366D15C2968876300C79813 /* _SwiftUINavigationState in Frameworks */ = {isa = PBXBuildFile; productRef = 0366D15B2968876300C79813 /* _SwiftUINavigationState */; };
		0366D1602968889B00C79813 /* Contact.swift in Sources */ = {isa = PBXBuildFile; fileRef = 0366D15F2968889B00C79813 /* Contact.swift */; };
		0366D16229688D0900C79813 /* ContactCell.swift in Sources */ = {isa = PBXBuildFile; fileRef = 0366D16129688D0900C79813 /* ContactCell.swift */; };
		0366D16429688DC900C79813 /* ContactForm.swift in Sources */ = {isa = PBXBuildFile; fileRef = 0366D16329688DC800C79813 /* ContactForm.swift */; };
		0366D168296893F100C79813 /* AppModel.swift in Sources */ = {isa = PBXBuildFile; fileRef = 0366D167296893F100C79813 /* AppModel.swift */; };
		0366D16A2968962800C79813 /* Extensions.swift in Sources */ = {isa = PBXBuildFile; fileRef = 0366D1692968962800C79813 /* Extensions.swift */; };
/* End PBXBuildFile section */

/* Begin PBXContainerItemProxy section */
		0366D136296886BC00C79813 /* PBXContainerItemProxy */ = {
			isa = PBXContainerItemProxy;
			containerPortal = 0366D11D296886BC00C79813 /* Project object */;
			proxyType = 1;
			remoteGlobalIDString = 0366D124296886BC00C79813;
			remoteInfo = MyContacts;
		};
/* End PBXContainerItemProxy section */

/* Begin PBXFileReference section */
		030DF27029689C4E00981245 /* SwiftUIHelpers.swift */ = {isa = PBXFileReference; lastKnownFileType = sourcecode.swift; path = SwiftUIHelpers.swift; sourceTree = "<group>"; };
		030DF27229689D3400981245 /* EqualWidthStacks.swift */ = {isa = PBXFileReference; lastKnownFileType = sourcecode.swift; path = EqualWidthStacks.swift; sourceTree = "<group>"; };
		030DF2742968AB0300981245 /* AddContact.swift */ = {isa = PBXFileReference; lastKnownFileType = sourcecode.swift; path = AddContact.swift; sourceTree = "<group>"; };
		030DF2762968B5C600981245 /* EditContact.swift */ = {isa = PBXFileReference; lastKnownFileType = sourcecode.swift; path = EditContact.swift; sourceTree = "<group>"; };
		0366D125296886BC00C79813 /* MyContacts.app */ = {isa = PBXFileReference; explicitFileType = wrapper.application; includeInIndex = 0; path = MyContacts.app; sourceTree = BUILT_PRODUCTS_DIR; };
		0366D128296886BC00C79813 /* MyContactsApp.swift */ = {isa = PBXFileReference; lastKnownFileType = sourcecode.swift; path = MyContactsApp.swift; sourceTree = "<group>"; };
		0366D12A296886BC00C79813 /* ContentView.swift */ = {isa = PBXFileReference; lastKnownFileType = sourcecode.swift; path = ContentView.swift; sourceTree = "<group>"; };
		0366D12C296886BC00C79813 /* Assets.xcassets */ = {isa = PBXFileReference; lastKnownFileType = folder.assetcatalog; path = Assets.xcassets; sourceTree = "<group>"; };
		0366D12F296886BC00C79813 /* Preview Assets.xcassets */ = {isa = PBXFileReference; lastKnownFileType = folder.assetcatalog; path = "Preview Assets.xcassets"; sourceTree = "<group>"; };
		0366D135296886BC00C79813 /* MyContactsTests.xctest */ = {isa = PBXFileReference; explicitFileType = wrapper.cfbundle; includeInIndex = 0; path = MyContactsTests.xctest; sourceTree = BUILT_PRODUCTS_DIR; };
		0366D139296886BC00C79813 /* MyContactsTests.swift */ = {isa = PBXFileReference; lastKnownFileType = sourcecode.swift; path = MyContactsTests.swift; sourceTree = "<group>"; };
		0366D15F2968889B00C79813 /* Contact.swift */ = {isa = PBXFileReference; lastKnownFileType = sourcecode.swift; path = Contact.swift; sourceTree = "<group>"; };
		0366D16129688D0900C79813 /* ContactCell.swift */ = {isa = PBXFileReference; lastKnownFileType = sourcecode.swift; path = ContactCell.swift; sourceTree = "<group>"; };
		0366D16329688DC800C79813 /* ContactForm.swift */ = {isa = PBXFileReference; lastKnownFileType = sourcecode.swift; path = ContactForm.swift; sourceTree = "<group>"; };
		0366D167296893F100C79813 /* AppModel.swift */ = {isa = PBXFileReference; lastKnownFileType = sourcecode.swift; path = AppModel.swift; sourceTree = "<group>"; };
		0366D1692968962800C79813 /* Extensions.swift */ = {isa = PBXFileReference; lastKnownFileType = sourcecode.swift; path = Extensions.swift; sourceTree = "<group>"; };
/* End PBXFileReference section */

/* Begin PBXFrameworksBuildPhase section */
		0366D122296886BC00C79813 /* Frameworks */ = {
			isa = PBXFrameworksBuildPhase;
			buildActionMask = 2147483647;
			files = (
				0366D1542968873D00C79813 /* Tagged in Frameworks */,
				0366D1572968874F00C79813 /* IdentifiedCollections in Frameworks */,
				0366D15C2968876300C79813 /* _SwiftUINavigationState in Frameworks */,
				0366D15A2968876300C79813 /* SwiftUINavigation in Frameworks */,
			);
			runOnlyForDeploymentPostprocessing = 0;
		};
		0366D132296886BC00C79813 /* Frameworks */ = {
			isa = PBXFrameworksBuildPhase;
			buildActionMask = 2147483647;
			files = (
			);
			runOnlyForDeploymentPostprocessing = 0;
		};
/* End PBXFrameworksBuildPhase section */

/* Begin PBXGroup section */
		0366D11C296886BC00C79813 = {
			isa = PBXGroup;
			children = (
				0366D127296886BC00C79813 /* MyContacts */,
				0366D138296886BC00C79813 /* MyContactsTests */,
				0366D126296886BC00C79813 /* Products */,
			);
			sourceTree = "<group>";
		};
		0366D126296886BC00C79813 /* Products */ = {
			isa = PBXGroup;
			children = (
				0366D125296886BC00C79813 /* MyContacts.app */,
				0366D135296886BC00C79813 /* MyContactsTests.xctest */,
			);
			name = Products;
			sourceTree = "<group>";
		};
		0366D127296886BC00C79813 /* MyContacts */ = {
			isa = PBXGroup;
			children = (
				0366D128296886BC00C79813 /* MyContactsApp.swift */,
				0366D12A296886BC00C79813 /* ContentView.swift */,
				0366D12C296886BC00C79813 /* Assets.xcassets */,
				0366D12E296886BC00C79813 /* Preview Content */,
				0366D167296893F100C79813 /* AppModel.swift */,
				0366D15F2968889B00C79813 /* Contact.swift */,
				0366D16129688D0900C79813 /* ContactCell.swift */,
				0366D16329688DC800C79813 /* ContactForm.swift */,
				0366D1692968962800C79813 /* Extensions.swift */,
				030DF27029689C4E00981245 /* SwiftUIHelpers.swift */,
				030DF27229689D3400981245 /* EqualWidthStacks.swift */,
				030DF2742968AB0300981245 /* AddContact.swift */,
				030DF2762968B5C600981245 /* EditContact.swift */,
			);
			path = MyContacts;
			sourceTree = "<group>";
		};
		0366D12E296886BC00C79813 /* Preview Content */ = {
			isa = PBXGroup;
			children = (
				0366D12F296886BC00C79813 /* Preview Assets.xcassets */,
			);
			path = "Preview Content";
			sourceTree = "<group>";
		};
		0366D138296886BC00C79813 /* MyContactsTests */ = {
			isa = PBXGroup;
			children = (
				0366D139296886BC00C79813 /* MyContactsTests.swift */,
			);
			path = MyContactsTests;
			sourceTree = "<group>";
		};
/* End PBXGroup section */

/* Begin PBXNativeTarget section */
		0366D124296886BC00C79813 /* MyContacts */ = {
			isa = PBXNativeTarget;
			buildConfigurationList = 0366D149296886BC00C79813 /* Build configuration list for PBXNativeTarget "MyContacts" */;
			buildPhases = (
				0366D121296886BC00C79813 /* Sources */,
				0366D122296886BC00C79813 /* Frameworks */,
				0366D123296886BC00C79813 /* Resources */,
			);
			buildRules = (
			);
			dependencies = (
			);
			name = MyContacts;
			packageProductDependencies = (
				0366D1532968873D00C79813 /* Tagged */,
				0366D1562968874F00C79813 /* IdentifiedCollections */,
				0366D1592968876300C79813 /* SwiftUINavigation */,
				0366D15B2968876300C79813 /* _SwiftUINavigationState */,
			);
			productName = MyContacts;
			productReference = 0366D125296886BC00C79813 /* MyContacts.app */;
			productType = "com.apple.product-type.application";
		};
		0366D134296886BC00C79813 /* MyContactsTests */ = {
			isa = PBXNativeTarget;
			buildConfigurationList = 0366D14C296886BC00C79813 /* Build configuration list for PBXNativeTarget "MyContactsTests" */;
			buildPhases = (
				0366D131296886BC00C79813 /* Sources */,
				0366D132296886BC00C79813 /* Frameworks */,
				0366D133296886BC00C79813 /* Resources */,
			);
			buildRules = (
			);
			dependencies = (
				0366D137296886BC00C79813 /* PBXTargetDependency */,
			);
			name = MyContactsTests;
			productName = MyContactsTests;
			productReference = 0366D135296886BC00C79813 /* MyContactsTests.xctest */;
			productType = "com.apple.product-type.bundle.unit-test";
		};
/* End PBXNativeTarget section */

/* Begin PBXProject section */
		0366D11D296886BC00C79813 /* Project object */ = {
			isa = PBXProject;
			attributes = {
				BuildIndependentTargetsInParallel = 1;
				LastSwiftUpdateCheck = 1420;
				LastUpgradeCheck = 1420;
				TargetAttributes = {
					0366D124296886BC00C79813 = {
						CreatedOnToolsVersion = 14.2;
					};
					0366D134296886BC00C79813 = {
						CreatedOnToolsVersion = 14.2;
						TestTargetID = 0366D124296886BC00C79813;
					};
				};
			};
			buildConfigurationList = 0366D120296886BC00C79813 /* Build configuration list for PBXProject "MyContacts" */;
			compatibilityVersion = "Xcode 14.0";
			developmentRegion = en;
			hasScannedForEncodings = 0;
			knownRegions = (
				en,
				Base,
			);
			mainGroup = 0366D11C296886BC00C79813;
			packageReferences = (
				0366D1522968873D00C79813 /* XCRemoteSwiftPackageReference "swift-tagged" */,
				0366D1552968874F00C79813 /* XCRemoteSwiftPackageReference "swift-identified-collections" */,
				0366D1582968876300C79813 /* XCRemoteSwiftPackageReference "swiftui-navigation" */,
			);
			productRefGroup = 0366D126296886BC00C79813 /* Products */;
			projectDirPath = "";
			projectRoot = "";
			targets = (
				0366D124296886BC00C79813 /* MyContacts */,
				0366D134296886BC00C79813 /* MyContactsTests */,
			);
		};
/* End PBXProject section */

/* Begin PBXResourcesBuildPhase section */
		0366D123296886BC00C79813 /* Resources */ = {
			isa = PBXResourcesBuildPhase;
			buildActionMask = 2147483647;
			files = (
				0366D130296886BC00C79813 /* Preview Assets.xcassets in Resources */,
				0366D12D296886BC00C79813 /* Assets.xcassets in Resources */,
			);
			runOnlyForDeploymentPostprocessing = 0;
		};
		0366D133296886BC00C79813 /* Resources */ = {
			isa = PBXResourcesBuildPhase;
			buildActionMask = 2147483647;
			files = (
			);
			runOnlyForDeploymentPostprocessing = 0;
		};
/* End PBXResourcesBuildPhase section */

/* Begin PBXSourcesBuildPhase section */
		0366D121296886BC00C79813 /* Sources */ = {
			isa = PBXSourcesBuildPhase;
			buildActionMask = 2147483647;
			files = (
				0366D16229688D0900C79813 /* ContactCell.swift in Sources */,
				030DF2772968B5C600981245 /* EditContact.swift in Sources */,
				0366D16A2968962800C79813 /* Extensions.swift in Sources */,
				030DF2752968AB0300981245 /* AddContact.swift in Sources */,
				0366D168296893F100C79813 /* AppModel.swift in Sources */,
				030DF27329689D3400981245 /* EqualWidthStacks.swift in Sources */,
				0366D1602968889B00C79813 /* Contact.swift in Sources */,
				0366D12B296886BC00C79813 /* ContentView.swift in Sources */,
				030DF27129689C4E00981245 /* SwiftUIHelpers.swift in Sources */,
				0366D129296886BC00C79813 /* MyContactsApp.swift in Sources */,
				0366D16429688DC900C79813 /* ContactForm.swift in Sources */,
			);
			runOnlyForDeploymentPostprocessing = 0;
		};
		0366D131296886BC00C79813 /* Sources */ = {
			isa = PBXSourcesBuildPhase;
			buildActionMask = 2147483647;
			files = (
				0366D13A296886BC00C79813 /* MyContactsTests.swift in Sources */,
			);
			runOnlyForDeploymentPostprocessing = 0;
		};
/* End PBXSourcesBuildPhase section */

/* Begin PBXTargetDependency section */
		0366D137296886BC00C79813 /* PBXTargetDependency */ = {
			isa = PBXTargetDependency;
			target = 0366D124296886BC00C79813 /* MyContacts */;
			targetProxy = 0366D136296886BC00C79813 /* PBXContainerItemProxy */;
		};
/* End PBXTargetDependency section */

/* Begin XCBuildConfiguration section */
		0366D147296886BC00C79813 /* Debug */ = {
			isa = XCBuildConfiguration;
			buildSettings = {
				ALWAYS_SEARCH_USER_PATHS = NO;
				CLANG_ANALYZER_NONNULL = YES;
				CLANG_ANALYZER_NUMBER_OBJECT_CONVERSION = YES_AGGRESSIVE;
				CLANG_CXX_LANGUAGE_STANDARD = "gnu++20";
				CLANG_ENABLE_MODULES = YES;
				CLANG_ENABLE_OBJC_ARC = YES;
				CLANG_ENABLE_OBJC_WEAK = YES;
				CLANG_WARN_BLOCK_CAPTURE_AUTORELEASING = YES;
				CLANG_WARN_BOOL_CONVERSION = YES;
				CLANG_WARN_COMMA = YES;
				CLANG_WARN_CONSTANT_CONVERSION = YES;
				CLANG_WARN_DEPRECATED_OBJC_IMPLEMENTATIONS = YES;
				CLANG_WARN_DIRECT_OBJC_ISA_USAGE = YES_ERROR;
				CLANG_WARN_DOCUMENTATION_COMMENTS = YES;
				CLANG_WARN_EMPTY_BODY = YES;
				CLANG_WARN_ENUM_CONVERSION = YES;
				CLANG_WARN_INFINITE_RECURSION = YES;
				CLANG_WARN_INT_CONVERSION = YES;
				CLANG_WARN_NON_LITERAL_NULL_CONVERSION = YES;
				CLANG_WARN_OBJC_IMPLICIT_RETAIN_SELF = YES;
				CLANG_WARN_OBJC_LITERAL_CONVERSION = YES;
				CLANG_WARN_OBJC_ROOT_CLASS = YES_ERROR;
				CLANG_WARN_QUOTED_INCLUDE_IN_FRAMEWORK_HEADER = YES;
				CLANG_WARN_RANGE_LOOP_ANALYSIS = YES;
				CLANG_WARN_STRICT_PROTOTYPES = YES;
				CLANG_WARN_SUSPICIOUS_MOVE = YES;
				CLANG_WARN_UNGUARDED_AVAILABILITY = YES_AGGRESSIVE;
				CLANG_WARN_UNREACHABLE_CODE = YES;
				CLANG_WARN__DUPLICATE_METHOD_MATCH = YES;
				COPY_PHASE_STRIP = NO;
				DEBUG_INFORMATION_FORMAT = dwarf;
				ENABLE_STRICT_OBJC_MSGSEND = YES;
				ENABLE_TESTABILITY = YES;
				GCC_C_LANGUAGE_STANDARD = gnu11;
				GCC_DYNAMIC_NO_PIC = NO;
				GCC_NO_COMMON_BLOCKS = YES;
				GCC_OPTIMIZATION_LEVEL = 0;
				GCC_PREPROCESSOR_DEFINITIONS = (
					"DEBUG=1",
					"$(inherited)",
				);
				GCC_WARN_64_TO_32_BIT_CONVERSION = YES;
				GCC_WARN_ABOUT_RETURN_TYPE = YES_ERROR;
				GCC_WARN_UNDECLARED_SELECTOR = YES;
				GCC_WARN_UNINITIALIZED_AUTOS = YES_AGGRESSIVE;
				GCC_WARN_UNUSED_FUNCTION = YES;
				GCC_WARN_UNUSED_VARIABLE = YES;
				IPHONEOS_DEPLOYMENT_TARGET = 16.2;
				MTL_ENABLE_DEBUG_INFO = INCLUDE_SOURCE;
				MTL_FAST_MATH = YES;
				ONLY_ACTIVE_ARCH = YES;
				SDKROOT = iphoneos;
				SWIFT_ACTIVE_COMPILATION_CONDITIONS = DEBUG;
				SWIFT_OPTIMIZATION_LEVEL = "-Onone";
			};
			name = Debug;
		};
		0366D148296886BC00C79813 /* Release */ = {
			isa = XCBuildConfiguration;
			buildSettings = {
				ALWAYS_SEARCH_USER_PATHS = NO;
				CLANG_ANALYZER_NONNULL = YES;
				CLANG_ANALYZER_NUMBER_OBJECT_CONVERSION = YES_AGGRESSIVE;
				CLANG_CXX_LANGUAGE_STANDARD = "gnu++20";
				CLANG_ENABLE_MODULES = YES;
				CLANG_ENABLE_OBJC_ARC = YES;
				CLANG_ENABLE_OBJC_WEAK = YES;
				CLANG_WARN_BLOCK_CAPTURE_AUTORELEASING = YES;
				CLANG_WARN_BOOL_CONVERSION = YES;
				CLANG_WARN_COMMA = YES;
				CLANG_WARN_CONSTANT_CONVERSION = YES;
				CLANG_WARN_DEPRECATED_OBJC_IMPLEMENTATIONS = YES;
				CLANG_WARN_DIRECT_OBJC_ISA_USAGE = YES_ERROR;
				CLANG_WARN_DOCUMENTATION_COMMENTS = YES;
				CLANG_WARN_EMPTY_BODY = YES;
				CLANG_WARN_ENUM_CONVERSION = YES;
				CLANG_WARN_INFINITE_RECURSION = YES;
				CLANG_WARN_INT_CONVERSION = YES;
				CLANG_WARN_NON_LITERAL_NULL_CONVERSION = YES;
				CLANG_WARN_OBJC_IMPLICIT_RETAIN_SELF = YES;
				CLANG_WARN_OBJC_LITERAL_CONVERSION = YES;
				CLANG_WARN_OBJC_ROOT_CLASS = YES_ERROR;
				CLANG_WARN_QUOTED_INCLUDE_IN_FRAMEWORK_HEADER = YES;
				CLANG_WARN_RANGE_LOOP_ANALYSIS = YES;
				CLANG_WARN_STRICT_PROTOTYPES = YES;
				CLANG_WARN_SUSPICIOUS_MOVE = YES;
				CLANG_WARN_UNGUARDED_AVAILABILITY = YES_AGGRESSIVE;
				CLANG_WARN_UNREACHABLE_CODE = YES;
				CLANG_WARN__DUPLICATE_METHOD_MATCH = YES;
				COPY_PHASE_STRIP = NO;
				DEBUG_INFORMATION_FORMAT = "dwarf-with-dsym";
				ENABLE_NS_ASSERTIONS = NO;
				ENABLE_STRICT_OBJC_MSGSEND = YES;
				GCC_C_LANGUAGE_STANDARD = gnu11;
				GCC_NO_COMMON_BLOCKS = YES;
				GCC_WARN_64_TO_32_BIT_CONVERSION = YES;
				GCC_WARN_ABOUT_RETURN_TYPE = YES_ERROR;
				GCC_WARN_UNDECLARED_SELECTOR = YES;
				GCC_WARN_UNINITIALIZED_AUTOS = YES_AGGRESSIVE;
				GCC_WARN_UNUSED_FUNCTION = YES;
				GCC_WARN_UNUSED_VARIABLE = YES;
				IPHONEOS_DEPLOYMENT_TARGET = 16.2;
				MTL_ENABLE_DEBUG_INFO = NO;
				MTL_FAST_MATH = YES;
				SDKROOT = iphoneos;
				SWIFT_COMPILATION_MODE = wholemodule;
				SWIFT_OPTIMIZATION_LEVEL = "-O";
				VALIDATE_PRODUCT = YES;
			};
			name = Release;
		};
		0366D14A296886BC00C79813 /* Debug */ = {
			isa = XCBuildConfiguration;
			buildSettings = {
				ASSETCATALOG_COMPILER_APPICON_NAME = AppIcon;
				ASSETCATALOG_COMPILER_GLOBAL_ACCENT_COLOR_NAME = AccentColor;
				CODE_SIGN_STYLE = Automatic;
				CURRENT_PROJECT_VERSION = 1;
				DEVELOPMENT_ASSET_PATHS = "\"MyContacts/Preview Content\"";
				DEVELOPMENT_TEAM = FQMFVK55K7;
				ENABLE_PREVIEWS = YES;
				GENERATE_INFOPLIST_FILE = YES;
				INFOPLIST_KEY_UIApplicationSceneManifest_Generation = YES;
				INFOPLIST_KEY_UIApplicationSupportsIndirectInputEvents = YES;
				INFOPLIST_KEY_UILaunchScreen_Generation = YES;
				INFOPLIST_KEY_UISupportedInterfaceOrientations_iPad = "UIInterfaceOrientationPortrait UIInterfaceOrientationPortraitUpsideDown UIInterfaceOrientationLandscapeLeft UIInterfaceOrientationLandscapeRight";
				INFOPLIST_KEY_UISupportedInterfaceOrientations_iPhone = "UIInterfaceOrientationPortrait UIInterfaceOrientationLandscapeLeft UIInterfaceOrientationLandscapeRight";
				LD_RUNPATH_SEARCH_PATHS = (
					"$(inherited)",
					"@executable_path/Frameworks",
				);
				MARKETING_VERSION = 1.0;
				PRODUCT_BUNDLE_IDENTIFIER = com.dave256apps.MyContacts;
				PRODUCT_NAME = "$(TARGET_NAME)";
				SWIFT_EMIT_LOC_STRINGS = YES;
				SWIFT_VERSION = 5.0;
				TARGETED_DEVICE_FAMILY = "1,2";
			};
			name = Debug;
		};
		0366D14B296886BC00C79813 /* Release */ = {
			isa = XCBuildConfiguration;
			buildSettings = {
				ASSETCATALOG_COMPILER_APPICON_NAME = AppIcon;
				ASSETCATALOG_COMPILER_GLOBAL_ACCENT_COLOR_NAME = AccentColor;
				CODE_SIGN_STYLE = Automatic;
				CURRENT_PROJECT_VERSION = 1;
				DEVELOPMENT_ASSET_PATHS = "\"MyContacts/Preview Content\"";
				DEVELOPMENT_TEAM = FQMFVK55K7;
				ENABLE_PREVIEWS = YES;
				GENERATE_INFOPLIST_FILE = YES;
				INFOPLIST_KEY_UIApplicationSceneManifest_Generation = YES;
				INFOPLIST_KEY_UIApplicationSupportsIndirectInputEvents = YES;
				INFOPLIST_KEY_UILaunchScreen_Generation = YES;
				INFOPLIST_KEY_UISupportedInterfaceOrientations_iPad = "UIInterfaceOrientationPortrait UIInterfaceOrientationPortraitUpsideDown UIInterfaceOrientationLandscapeLeft UIInterfaceOrientationLandscapeRight";
				INFOPLIST_KEY_UISupportedInterfaceOrientations_iPhone = "UIInterfaceOrientationPortrait UIInterfaceOrientationLandscapeLeft UIInterfaceOrientationLandscapeRight";
				LD_RUNPATH_SEARCH_PATHS = (
					"$(inherited)",
					"@executable_path/Frameworks",
				);
				MARKETING_VERSION = 1.0;
				PRODUCT_BUNDLE_IDENTIFIER = com.dave256apps.MyContacts;
				PRODUCT_NAME = "$(TARGET_NAME)";
				SWIFT_EMIT_LOC_STRINGS = YES;
				SWIFT_VERSION = 5.0;
				TARGETED_DEVICE_FAMILY = "1,2";
			};
			name = Release;
		};
		0366D14D296886BC00C79813 /* Debug */ = {
			isa = XCBuildConfiguration;
			buildSettings = {
				ALWAYS_EMBED_SWIFT_STANDARD_LIBRARIES = YES;
				BUNDLE_LOADER = "$(TEST_HOST)";
				CODE_SIGN_STYLE = Automatic;
				CURRENT_PROJECT_VERSION = 1;
				DEVELOPMENT_TEAM = FQMFVK55K7;
				GENERATE_INFOPLIST_FILE = YES;
				IPHONEOS_DEPLOYMENT_TARGET = 16.2;
				MARKETING_VERSION = 1.0;
				PRODUCT_BUNDLE_IDENTIFIER = com.dave256apps.MyContactsTests;
				PRODUCT_NAME = "$(TARGET_NAME)";
				SWIFT_EMIT_LOC_STRINGS = NO;
				SWIFT_VERSION = 5.0;
				TARGETED_DEVICE_FAMILY = "1,2";
				TEST_HOST = "$(BUILT_PRODUCTS_DIR)/MyContacts.app/$(BUNDLE_EXECUTABLE_FOLDER_PATH)/MyContacts";
			};
			name = Debug;
		};
		0366D14E296886BC00C79813 /* Release */ = {
			isa = XCBuildConfiguration;
			buildSettings = {
				ALWAYS_EMBED_SWIFT_STANDARD_LIBRARIES = YES;
				BUNDLE_LOADER = "$(TEST_HOST)";
				CODE_SIGN_STYLE = Automatic;
				CURRENT_PROJECT_VERSION = 1;
				DEVELOPMENT_TEAM = FQMFVK55K7;
				GENERATE_INFOPLIST_FILE = YES;
				IPHONEOS_DEPLOYMENT_TARGET = 16.2;
				MARKETING_VERSION = 1.0;
				PRODUCT_BUNDLE_IDENTIFIER = com.dave256apps.MyContactsTests;
				PRODUCT_NAME = "$(TARGET_NAME)";
				SWIFT_EMIT_LOC_STRINGS = NO;
				SWIFT_VERSION = 5.0;
				TARGETED_DEVICE_FAMILY = "1,2";
				TEST_HOST = "$(BUILT_PRODUCTS_DIR)/MyContacts.app/$(BUNDLE_EXECUTABLE_FOLDER_PATH)/MyContacts";
			};
			name = Release;
		};
/* End XCBuildConfiguration section */

/* Begin XCConfigurationList section */
		0366D120296886BC00C79813 /* Build configuration list for PBXProject "MyContacts" */ = {
			isa = XCConfigurationList;
			buildConfigurations = (
				0366D147296886BC00C79813 /* Debug */,
				0366D148296886BC00C79813 /* Release */,
			);
			defaultConfigurationIsVisible = 0;
			defaultConfigurationName = Release;
		};
		0366D149296886BC00C79813 /* Build configuration list for PBXNativeTarget "MyContacts" */ = {
			isa = XCConfigurationList;
			buildConfigurations = (
				0366D14A296886BC00C79813 /* Debug */,
				0366D14B296886BC00C79813 /* Release */,
			);
			defaultConfigurationIsVisible = 0;
			defaultConfigurationName = Release;
		};
		0366D14C296886BC00C79813 /* Build configuration list for PBXNativeTarget "MyContactsTests" */ = {
			isa = XCConfigurationList;
			buildConfigurations = (
				0366D14D296886BC00C79813 /* Debug */,
				0366D14E296886BC00C79813 /* Release */,
			);
			defaultConfigurationIsVisible = 0;
			defaultConfigurationName = Release;
		};
/* End XCConfigurationList section */

/* Begin XCRemoteSwiftPackageReference section */
		0366D1522968873D00C79813 /* XCRemoteSwiftPackageReference "swift-tagged" */ = {
			isa = XCRemoteSwiftPackageReference;
			repositoryURL = "https://github.com/pointfreeco/swift-tagged.git";
			requirement = {
				kind = upToNextMajorVersion;
				minimumVersion = 0.9.0;
			};
		};
		0366D1552968874F00C79813 /* XCRemoteSwiftPackageReference "swift-identified-collections" */ = {
			isa = XCRemoteSwiftPackageReference;
			repositoryURL = "https://github.com/pointfreeco/swift-identified-collections.git";
			requirement = {
				kind = upToNextMajorVersion;
				minimumVersion = 1.0.0;
			};
		};
		0366D1582968876300C79813 /* XCRemoteSwiftPackageReference "swiftui-navigation" */ = {
			isa = XCRemoteSwiftPackageReference;
			repositoryURL = "https://github.com/pointfreeco/swiftui-navigation.git";
			requirement = {
				kind = exactVersion;
				version = 0.4.5;
			};
		};
/* End XCRemoteSwiftPackageReference section */

/* Begin XCSwiftPackageProductDependency section */
		0366D1532968873D00C79813 /* Tagged */ = {
			isa = XCSwiftPackageProductDependency;
			package = 0366D1522968873D00C79813 /* XCRemoteSwiftPackageReference "swift-tagged" */;
			productName = Tagged;
		};
		0366D1562968874F00C79813 /* IdentifiedCollections */ = {
			isa = XCSwiftPackageProductDependency;
			package = 0366D1552968874F00C79813 /* XCRemoteSwiftPackageReference "swift-identified-collections" */;
			productName = IdentifiedCollections;
		};
		0366D1592968876300C79813 /* SwiftUINavigation */ = {
			isa = XCSwiftPackageProductDependency;
			package = 0366D1582968876300C79813 /* XCRemoteSwiftPackageReference "swiftui-navigation" */;
			productName = SwiftUINavigation;
		};
		0366D15B2968876300C79813 /* _SwiftUINavigationState */ = {
			isa = XCSwiftPackageProductDependency;
			package = 0366D1582968876300C79813 /* XCRemoteSwiftPackageReference "swiftui-navigation" */;
			productName = _SwiftUINavigationState;
		};
/* End XCSwiftPackageProductDependency section */
	};
	rootObject = 0366D11D296886BC00C79813 /* Project object */;
}
