{
  "originHash" : "710b1be70e88477ae38e865007ace6bb9fe89e1deb2e521512f65814c0c32636",
  "pins" : [
    {
      "identity" : "swift-case-paths",
      "kind" : "remoteSourceControl",
      "location" : "https://github.com/pointfreeco/swift-case-paths",
      "state" : {
        "revision" : "fc45e7b2cfece9dd80b5a45e6469ffe67fe67984",
        "version" : "0.14.1"
      }
    },
    {
      "identity" : "swift-collections",
      "kind" : "remoteSourceControl",
      "location" : "https://github.com/apple/swift-collections",
      "state" : {
        "revision" : "671108c96644956dddcd89dd59c203dcdb36cec7",
        "version" : "1.1.4"
      }
    },
    {
      "identity" : "swift-custom-dump",
      "kind" : "remoteSourceControl",
      "location" : "https://github.com/pointfreeco/swift-custom-dump",
      "state" : {
        "revision" : "0a5bff05fe01dcd513932ed338a4efad8268b803",
        "version" : "0.11.2"
      }
    },
    {
      "identity" : "swift-identified-collections",
      "kind" : "remoteSourceControl",
      "location" : "https://github.com/pointfreeco/swift-identified-collections.git",
      "state" : {
        "revision" : "2f5ab6e091dd032b63dacbda052405756010dc3b",
        "version" : "1.1.0"
      }
    },
    {
      "identity" : "swift-tagged",
      "kind" : "remoteSourceControl",
      "location" : "https://github.com/pointfreeco/swift-tagged.git",
      "state" : {
        "revision" : "3907a9438f5b57d317001dc99f3f11b46882272b",
        "version" : "0.10.0"
      }
    },
    {
      "identity" : "swiftui-navigation",
      "kind" : "remoteSourceControl",
      "location" : "https://github.com/pointfreeco/swiftui-navigation.git",
      "state" : {
        "revision" : "46acf5ecc1cabdb28d7fe03289f6c8b13a023f52",
        "version" : "0.4.5"
      }
    },
    {
      "identity" : "xctest-dynamic-overlay",
      "kind" : "remoteSourceControl",
      "location" : "https://github.com/pointfreeco/xctest-dynamic-overlay",
      "state" : {
        "revision" : "50843cbb8551db836adec2290bb4bc6bac5c1865",
        "version" : "0.9.0"
      }
    }
  ],
  "version" : 3
}
